
Microsoft Visual Studio Solution File, Format Version 12.00
# Visual Studio Version 16
VisualStudioVersion = 16.0.31515.178
MinimumVisualStudioVersion = 10.0.40219.1
Project("{8BC9CEB8-8B4A-11D0-8D11-00A0C91BC942}") = "01_TwoSum", "TwoSum\TwoSum.vcxproj", "{FBD36EB0-4DFF-42EB-8371-B34E0FBF42B1}"
EndProject
Project("{8BC9CEB8-8B4A-11D0-8D11-00A0C91BC942}") = "02_AddTwoNumbers", "02_AddTwoNumbers\02_AddTwoNumbers.vcxproj", "{B17DADD4-6029-4D57-B95F-5284795ACA5C}"
EndProject
Global
	GlobalSection(SolutionConfigurationPlatforms) = preSolution
		Debug|x64 = Debug|x64
		Debug|x86 = Debug|x86
		Release|x64 = Release|x64
		Release|x86 = Release|x86
	EndGlobalSection
	GlobalSection(ProjectConfigurationPlatforms) = postSolution
		{FBD36EB0-4DFF-42EB-8371-B34E0FBF42B1}.Debug|x64.ActiveCfg = Debug|x64
		{FBD36EB0-4DFF-42EB-8371-B34E0FBF42B1}.Debug|x64.Build.0 = Debug|x64
		{FBD36EB0-4DFF-42EB-8371-B34E0FBF42B1}.Debug|x86.ActiveCfg = Debug|Win32
		{FBD36EB0-4DFF-42EB-8371-B34E0FBF42B1}.Debug|x86.Build.0 = Debug|Win32
		{FBD36EB0-4DFF-42EB-8371-B34E0FBF42B1}.Release|x64.ActiveCfg = Release|x64
		{FBD36EB0-4DFF-42EB-8371-B34E0FBF42B1}.Release|x64.Build.0 = Release|x64
		{FBD36EB0-4DFF-42EB-8371-B34E0FBF42B1}.Release|x86.ActiveCfg = Release|Win32
		{FBD36EB0-4DFF-42EB-8371-B34E0FBF42B1}.Release|x86.Build.0 = Release|Win32
		{B17DADD4-6029-4D57-B95F-5284795ACA5C}.Debug|x64.ActiveCfg = Debug|x64
		{B17DADD4-6029-4D57-B95F-5284795ACA5C}.Debug|x64.Build.0 = Debug|x64
		{B17DADD4-6029-4D57-B95F-5284795ACA5C}.Debug|x86.ActiveCfg = Debug|Win32
		{B17DADD4-6029-4D57-B95F-5284795ACA5C}.Debug|x86.Build.0 = Debug|Win32
		{B17DADD4-6029-4D57-B95F-5284795ACA5C}.Release|x64.ActiveCfg = Release|x64
		{B17DADD4-6029-4D57-B95F-5284795ACA5C}.Release|x64.Build.0 = Release|x64
		{B17DADD4-6029-4D57-B95F-5284795ACA5C}.Release|x86.ActiveCfg = Release|Win32
		{B17DADD4-6029-4D57-B95F-5284795ACA5C}.Release|x86.Build.0 = Release|Win32
	EndGlobalSection
	GlobalSection(SolutionProperties) = preSolution
		HideSolutionNode = FALSE
	EndGlobalSection
	GlobalSection(ExtensibilityGlobals) = postSolution
		SolutionGuid = {F2504ECB-55A9-4536-99B1-4522F0674745}
	EndGlobalSection
EndGlobal
